
Microsoft Visual Studio Solution File, Format Version 12.00
# Visual Studio Version 16
VisualStudioVersion = 16.0.30114.105
MinimumVisualStudioVersion = 10.0.40219.1
Project("{FAE04EC0-301F-11D3-BF4B-00C04F79EFBC}") = "PrimeService", "PrimeService\PrimeService.csproj", "{02ACB51B-96D7-47F2-903B-F2796B9B3C25}"
EndProject
Project("{FAE04EC0-301F-11D3-BF4B-00C04F79EFBC}") = "PrimeService.Tests", "PrimeService.Tests\PrimeService.Tests.csproj", "{17FAF3C0-859B-4CB6-8628-812BC6E99D8D}"
EndProject
Global
	GlobalSection(SolutionConfigurationPlatforms) = preSolution
		Debug|Any CPU = Debug|Any CPU
		Release|Any CPU = Release|Any CPU
	EndGlobalSection
	GlobalSection(SolutionProperties) = preSolution
		HideSolutionNode = FALSE
	EndGlobalSection
	GlobalSection(ProjectConfigurationPlatforms) = postSolution
		{02ACB51B-96D7-47F2-903B-F2796B9B3C25}.Debug|Any CPU.ActiveCfg = Debug|Any CPU
		{02ACB51B-96D7-47F2-903B-F2796B9B3C25}.Debug|Any CPU.Build.0 = Debug|Any CPU
		{02ACB51B-96D7-47F2-903B-F2796B9B3C25}.Release|Any CPU.ActiveCfg = Release|Any CPU
		{02ACB51B-96D7-47F2-903B-F2796B9B3C25}.Release|Any CPU.Build.0 = Release|Any CPU
		{17FAF3C0-859B-4CB6-8628-812BC6E99D8D}.Debug|Any CPU.ActiveCfg = Debug|Any CPU
		{17FAF3C0-859B-4CB6-8628-812BC6E99D8D}.Debug|Any CPU.Build.0 = Debug|Any CPU
		{17FAF3C0-859B-4CB6-8628-812BC6E99D8D}.Release|Any CPU.ActiveCfg = Release|Any CPU
		{17FAF3C0-859B-4CB6-8628-812BC6E99D8D}.Release|Any CPU.Build.0 = Release|Any CPU
	EndGlobalSection
EndGlobal
